
Microsoft Visual Studio Solution File, Format Version 12.00
# Visual Studio Version 16
VisualStudioVersion = 16.0.29326.143
MinimumVisualStudioVersion = 10.0.40219.1
Project("{FAE04EC0-301F-11D3-BF4B-00C04F79EFBC}") = "csharp-server", "csharp-server\csharp-server.csproj", "{AA95FEF6-56AA-4441-9DD1-48C6D7353A57}"
EndProject
Global
	GlobalSection(SolutionConfigurationPlatforms) = preSolution
		Debug|Any CPU = Debug|Any CPU
		Release|Any CPU = Release|Any CPU
	EndGlobalSection
	GlobalSection(ProjectConfigurationPlatforms) = postSolution
		{AA95FEF6-56AA-4441-9DD1-48C6D7353A57}.Debug|Any CPU.ActiveCfg = Debug|Any CPU
		{AA95FEF6-56AA-4441-9DD1-48C6D7353A57}.Debug|Any CPU.Build.0 = Debug|Any CPU
		{AA95FEF6-56AA-4441-9DD1-48C6D7353A57}.Release|Any CPU.ActiveCfg = Release|Any CPU
		{AA95FEF6-56AA-4441-9DD1-48C6D7353A57}.Release|Any CPU.Build.0 = Release|Any CPU
	EndGlobalSection
	GlobalSection(SolutionProperties) = preSolution
		HideSolutionNode = FALSE
	EndGlobalSection
	GlobalSection(ExtensibilityGlobals) = postSolution
		SolutionGuid = {40F8DC80-B5B9-4267-B935-E87BB4654B0A}
	EndGlobalSection
EndGlobal
