
Microsoft Visual Studio Solution File, Format Version 12.00
# Visual Studio 16
Project("{FAE04EC0-301F-11D3-BF4B-00C04F79EFBC}") = "Mirror", "Mirror.csproj", "{25AED940-7465-C69A-80B6-D5CEBED7F3FC}"
EndProject
Project("{FAE04EC0-301F-11D3-BF4B-00C04F79EFBC}") = "Mirror.Components", "Mirror.Components.csproj", "{1ADD31BA-BCE7-81FA-3036-BEF70CF93D44}"
EndProject
Project("{FAE04EC0-301F-11D3-BF4B-00C04F79EFBC}") = "Ninja.WebSockets", "Ninja.WebSockets.csproj", "{71810954-99E8-58F5-E9EE-394D1D03C092}"
EndProject
Project("{FAE04EC0-301F-11D3-BF4B-00C04F79EFBC}") = "Mirror.Examples", "Mirror.Examples.csproj", "{81E3668E-1B7B-8F2D-222A-BE3C121BC226}"
EndProject
Project("{FAE04EC0-301F-11D3-BF4B-00C04F79EFBC}") = "Mirror.Authenticators", "Mirror.Authenticators.csproj", "{C931101B-BC88-9DAA-9959-F42AE0353779}"
EndProject
Project("{FAE04EC0-301F-11D3-BF4B-00C04F79EFBC}") = "SteamVR", "SteamVR.csproj", "{A956C9EA-2482-D4A2-8B05-DBB7544DDDA0}"
EndProject
Project("{FAE04EC0-301F-11D3-BF4B-00C04F79EFBC}") = "SteamVR_Actions", "SteamVR_Actions.csproj", "{E44F8C2A-E344-528B-D556-7205756F86F7}"
EndProject
Project("{FAE04EC0-301F-11D3-BF4B-00C04F79EFBC}") = "Mirror.Weaver", "Mirror.Weaver.csproj", "{E9F7BC24-C3E5-DCF1-CDFF-E33E0CA00892}"
EndProject
Project("{FAE04EC0-301F-11D3-BF4B-00C04F79EFBC}") = "Mirror.Editor", "Mirror.Editor.csproj", "{1AE4494C-3F0E-D641-D98E-35D8E86D60AF}"
EndProject
Project("{FAE04EC0-301F-11D3-BF4B-00C04F79EFBC}") = "Mirror.CompilerSymbols", "Mirror.CompilerSymbols.csproj", "{5FDFEC1A-35E1-DDF6-86A8-A24173042616}"
EndProject
Project("{FAE04EC0-301F-11D3-BF4B-00C04F79EFBC}") = "SteamVR_Editor", "SteamVR_Editor.csproj", "{2AF56B94-0710-E1D7-59DF-DFD1642067EE}"
EndProject
Project("{FAE04EC0-301F-11D3-BF4B-00C04F79EFBC}") = "SteamVR_Input_Editor", "SteamVR_Input_Editor.csproj", "{7B214434-1F9B-FC86-218D-498C8DC5CF34}"
EndProject
Project("{FAE04EC0-301F-11D3-BF4B-00C04F79EFBC}") = "SteamVR_Windows_EditorHelper", "SteamVR_Windows_EditorHelper.csproj", "{490857A5-A173-5E84-8CC7-3E7FEF299654}"
EndProject
Global
	GlobalSection(SolutionConfigurationPlatforms) = preSolution
		Debug|Any CPU = Debug|Any CPU
		Release|Any CPU = Release|Any CPU
	EndGlobalSection
	GlobalSection(ProjectConfigurationPlatforms) = postSolution
		{25AED940-7465-C69A-80B6-D5CEBED7F3FC}.Debug|Any CPU.ActiveCfg = Debug|Any CPU
		{25AED940-7465-C69A-80B6-D5CEBED7F3FC}.Debug|Any CPU.Build.0 = Debug|Any CPU
		{25AED940-7465-C69A-80B6-D5CEBED7F3FC}.Release|Any CPU.ActiveCfg = Release|Any CPU
		{25AED940-7465-C69A-80B6-D5CEBED7F3FC}.Release|Any CPU.Build.0 = Release|Any CPU
		{1ADD31BA-BCE7-81FA-3036-BEF70CF93D44}.Debug|Any CPU.ActiveCfg = Debug|Any CPU
		{1ADD31BA-BCE7-81FA-3036-BEF70CF93D44}.Debug|Any CPU.Build.0 = Debug|Any CPU
		{1ADD31BA-BCE7-81FA-3036-BEF70CF93D44}.Release|Any CPU.ActiveCfg = Release|Any CPU
		{1ADD31BA-BCE7-81FA-3036-BEF70CF93D44}.Release|Any CPU.Build.0 = Release|Any CPU
		{71810954-99E8-58F5-E9EE-394D1D03C092}.Debug|Any CPU.ActiveCfg = Debug|Any CPU
		{71810954-99E8-58F5-E9EE-394D1D03C092}.Debug|Any CPU.Build.0 = Debug|Any CPU
		{71810954-99E8-58F5-E9EE-394D1D03C092}.Release|Any CPU.ActiveCfg = Release|Any CPU
		{71810954-99E8-58F5-E9EE-394D1D03C092}.Release|Any CPU.Build.0 = Release|Any CPU
		{81E3668E-1B7B-8F2D-222A-BE3C121BC226}.Debug|Any CPU.ActiveCfg = Debug|Any CPU
		{81E3668E-1B7B-8F2D-222A-BE3C121BC226}.Debug|Any CPU.Build.0 = Debug|Any CPU
		{81E3668E-1B7B-8F2D-222A-BE3C121BC226}.Release|Any CPU.ActiveCfg = Release|Any CPU
		{81E3668E-1B7B-8F2D-222A-BE3C121BC226}.Release|Any CPU.Build.0 = Release|Any CPU
		{C931101B-BC88-9DAA-9959-F42AE0353779}.Debug|Any CPU.ActiveCfg = Debug|Any CPU
		{C931101B-BC88-9DAA-9959-F42AE0353779}.Debug|Any CPU.Build.0 = Debug|Any CPU
		{C931101B-BC88-9DAA-9959-F42AE0353779}.Release|Any CPU.ActiveCfg = Release|Any CPU
		{C931101B-BC88-9DAA-9959-F42AE0353779}.Release|Any CPU.Build.0 = Release|Any CPU
		{A956C9EA-2482-D4A2-8B05-DBB7544DDDA0}.Debug|Any CPU.ActiveCfg = Debug|Any CPU
		{A956C9EA-2482-D4A2-8B05-DBB7544DDDA0}.Debug|Any CPU.Build.0 = Debug|Any CPU
		{A956C9EA-2482-D4A2-8B05-DBB7544DDDA0}.Release|Any CPU.ActiveCfg = Release|Any CPU
		{A956C9EA-2482-D4A2-8B05-DBB7544DDDA0}.Release|Any CPU.Build.0 = Release|Any CPU
		{E44F8C2A-E344-528B-D556-7205756F86F7}.Debug|Any CPU.ActiveCfg = Debug|Any CPU
		{E44F8C2A-E344-528B-D556-7205756F86F7}.Debug|Any CPU.Build.0 = Debug|Any CPU
		{E44F8C2A-E344-528B-D556-7205756F86F7}.Release|Any CPU.ActiveCfg = Release|Any CPU
		{E44F8C2A-E344-528B-D556-7205756F86F7}.Release|Any CPU.Build.0 = Release|Any CPU
		{E9F7BC24-C3E5-DCF1-CDFF-E33E0CA00892}.Debug|Any CPU.ActiveCfg = Debug|Any CPU
		{E9F7BC24-C3E5-DCF1-CDFF-E33E0CA00892}.Debug|Any CPU.Build.0 = Debug|Any CPU
		{E9F7BC24-C3E5-DCF1-CDFF-E33E0CA00892}.Release|Any CPU.ActiveCfg = Release|Any CPU
		{E9F7BC24-C3E5-DCF1-CDFF-E33E0CA00892}.Release|Any CPU.Build.0 = Release|Any CPU
		{1AE4494C-3F0E-D641-D98E-35D8E86D60AF}.Debug|Any CPU.ActiveCfg = Debug|Any CPU
		{1AE4494C-3F0E-D641-D98E-35D8E86D60AF}.Debug|Any CPU.Build.0 = Debug|Any CPU
		{1AE4494C-3F0E-D641-D98E-35D8E86D60AF}.Release|Any CPU.ActiveCfg = Release|Any CPU
		{1AE4494C-3F0E-D641-D98E-35D8E86D60AF}.Release|Any CPU.Build.0 = Release|Any CPU
		{5FDFEC1A-35E1-DDF6-86A8-A24173042616}.Debug|Any CPU.ActiveCfg = Debug|Any CPU
		{5FDFEC1A-35E1-DDF6-86A8-A24173042616}.Debug|Any CPU.Build.0 = Debug|Any CPU
		{5FDFEC1A-35E1-DDF6-86A8-A24173042616}.Release|Any CPU.ActiveCfg = Release|Any CPU
		{5FDFEC1A-35E1-DDF6-86A8-A24173042616}.Release|Any CPU.Build.0 = Release|Any CPU
		{2AF56B94-0710-E1D7-59DF-DFD1642067EE}.Debug|Any CPU.ActiveCfg = Debug|Any CPU
		{2AF56B94-0710-E1D7-59DF-DFD1642067EE}.Debug|Any CPU.Build.0 = Debug|Any CPU
		{2AF56B94-0710-E1D7-59DF-DFD1642067EE}.Release|Any CPU.ActiveCfg = Release|Any CPU
		{2AF56B94-0710-E1D7-59DF-DFD1642067EE}.Release|Any CPU.Build.0 = Release|Any CPU
		{7B214434-1F9B-FC86-218D-498C8DC5CF34}.Debug|Any CPU.ActiveCfg = Debug|Any CPU
		{7B214434-1F9B-FC86-218D-498C8DC5CF34}.Debug|Any CPU.Build.0 = Debug|Any CPU
		{7B214434-1F9B-FC86-218D-498C8DC5CF34}.Release|Any CPU.ActiveCfg = Release|Any CPU
		{7B214434-1F9B-FC86-218D-498C8DC5CF34}.Release|Any CPU.Build.0 = Release|Any CPU
		{490857A5-A173-5E84-8CC7-3E7FEF299654}.Debug|Any CPU.ActiveCfg = Debug|Any CPU
		{490857A5-A173-5E84-8CC7-3E7FEF299654}.Debug|Any CPU.Build.0 = Debug|Any CPU
		{490857A5-A173-5E84-8CC7-3E7FEF299654}.Release|Any CPU.ActiveCfg = Release|Any CPU
		{490857A5-A173-5E84-8CC7-3E7FEF299654}.Release|Any CPU.Build.0 = Release|Any CPU
	EndGlobalSection
	GlobalSection(SolutionProperties) = preSolution
		HideSolutionNode = FALSE
	EndGlobalSection
EndGlobal
