
Microsoft Visual Studio Solution File, Format Version 12.00
# Visual Studio 16
Project("{FAE04EC0-301F-11D3-BF4B-00C04F79EFBC}") = "SteamVR", "SteamVR.csproj", "{2E88519A-6DD0-44CE-6AE7-D87881BA1184}"
EndProject
Project("{FAE04EC0-301F-11D3-BF4B-00C04F79EFBC}") = "Assembly-CSharp", "Assembly-CSharp.csproj", "{5F2C9FDF-41C6-161A-5FE3-EC8258E1D591}"
EndProject
Project("{FAE04EC0-301F-11D3-BF4B-00C04F79EFBC}") = "SteamVR_Actions", "SteamVR_Actions.csproj", "{1D83CED9-41C4-A497-7610-B2A16DC3F3F8}"
EndProject
Project("{FAE04EC0-301F-11D3-BF4B-00C04F79EFBC}") = "SteamVR_Editor", "SteamVR_Editor.csproj", "{85A8C505-C91A-45AE-BAC9-CB3529D34F05}"
EndProject
Project("{FAE04EC0-301F-11D3-BF4B-00C04F79EFBC}") = "SteamVR_Input_Editor", "SteamVR_Input_Editor.csproj", "{B1B2FD43-0E55-BFEA-3DB5-DACB6FEB09C8}"
EndProject
Project("{FAE04EC0-301F-11D3-BF4B-00C04F79EFBC}") = "SteamVR_Windows_EditorHelper", "SteamVR_Windows_EditorHelper.csproj", "{03B7C696-1474-FD1C-301E-63221C180127}"
EndProject
Global
	GlobalSection(SolutionConfigurationPlatforms) = preSolution
		Debug|Any CPU = Debug|Any CPU
		Release|Any CPU = Release|Any CPU
	EndGlobalSection
	GlobalSection(ProjectConfigurationPlatforms) = postSolution
		{2E88519A-6DD0-44CE-6AE7-D87881BA1184}.Debug|Any CPU.ActiveCfg = Debug|Any CPU
		{2E88519A-6DD0-44CE-6AE7-D87881BA1184}.Debug|Any CPU.Build.0 = Debug|Any CPU
		{2E88519A-6DD0-44CE-6AE7-D87881BA1184}.Release|Any CPU.ActiveCfg = Release|Any CPU
		{2E88519A-6DD0-44CE-6AE7-D87881BA1184}.Release|Any CPU.Build.0 = Release|Any CPU
		{5F2C9FDF-41C6-161A-5FE3-EC8258E1D591}.Debug|Any CPU.ActiveCfg = Debug|Any CPU
		{5F2C9FDF-41C6-161A-5FE3-EC8258E1D591}.Debug|Any CPU.Build.0 = Debug|Any CPU
		{5F2C9FDF-41C6-161A-5FE3-EC8258E1D591}.Release|Any CPU.ActiveCfg = Release|Any CPU
		{5F2C9FDF-41C6-161A-5FE3-EC8258E1D591}.Release|Any CPU.Build.0 = Release|Any CPU
		{1D83CED9-41C4-A497-7610-B2A16DC3F3F8}.Debug|Any CPU.ActiveCfg = Debug|Any CPU
		{1D83CED9-41C4-A497-7610-B2A16DC3F3F8}.Debug|Any CPU.Build.0 = Debug|Any CPU
		{1D83CED9-41C4-A497-7610-B2A16DC3F3F8}.Release|Any CPU.ActiveCfg = Release|Any CPU
		{1D83CED9-41C4-A497-7610-B2A16DC3F3F8}.Release|Any CPU.Build.0 = Release|Any CPU
		{85A8C505-C91A-45AE-BAC9-CB3529D34F05}.Debug|Any CPU.ActiveCfg = Debug|Any CPU
		{85A8C505-C91A-45AE-BAC9-CB3529D34F05}.Debug|Any CPU.Build.0 = Debug|Any CPU
		{85A8C505-C91A-45AE-BAC9-CB3529D34F05}.Release|Any CPU.ActiveCfg = Release|Any CPU
		{85A8C505-C91A-45AE-BAC9-CB3529D34F05}.Release|Any CPU.Build.0 = Release|Any CPU
		{B1B2FD43-0E55-BFEA-3DB5-DACB6FEB09C8}.Debug|Any CPU.ActiveCfg = Debug|Any CPU
		{B1B2FD43-0E55-BFEA-3DB5-DACB6FEB09C8}.Debug|Any CPU.Build.0 = Debug|Any CPU
		{B1B2FD43-0E55-BFEA-3DB5-DACB6FEB09C8}.Release|Any CPU.ActiveCfg = Release|Any CPU
		{B1B2FD43-0E55-BFEA-3DB5-DACB6FEB09C8}.Release|Any CPU.Build.0 = Release|Any CPU
		{03B7C696-1474-FD1C-301E-63221C180127}.Debug|Any CPU.ActiveCfg = Debug|Any CPU
		{03B7C696-1474-FD1C-301E-63221C180127}.Debug|Any CPU.Build.0 = Debug|Any CPU
		{03B7C696-1474-FD1C-301E-63221C180127}.Release|Any CPU.ActiveCfg = Release|Any CPU
		{03B7C696-1474-FD1C-301E-63221C180127}.Release|Any CPU.Build.0 = Release|Any CPU
	EndGlobalSection
	GlobalSection(SolutionProperties) = preSolution
		HideSolutionNode = FALSE
	EndGlobalSection
EndGlobal
